
Microsoft Visual Studio Solution File, Format Version 12.00
Project("{2150E333-8FDC-42A3-9474-1A3956D46DE8}") = "src", "src", "{758DA496-3186-4129-B0FA-5C3205B52763}"
EndProject
Project("{2150E333-8FDC-42A3-9474-1A3956D46DE8}") = "samples", "samples", "{53454ACB-CE39-4F53-AB32-C28C15720537}"
EndProject
Project("{2150E333-8FDC-42A3-9474-1A3956D46DE8}") = "tests", "tests", "{2EAFABEF-1FBB-4DEB-A620-52CBF42F1736}"
EndProject
Project("{FAE04EC0-301F-11D3-BF4B-00C04F79EFBC}") = "C4Sharp", "src\C4Sharp\C4Sharp.csproj", "{B3850A7A-EBB2-4C33-827B-98B88901A638}"
EndProject
Project("{FAE04EC0-301F-11D3-BF4B-00C04F79EFBC}") = "C4Sharp.IntegratedTests", "tests\C4Sharp.IntegratedTests\C4Sharp.IntegratedTests.csproj", "{652679C0-4067-4ED5-8D97-48A765E7A965}"
EndProject
Project("{FAE04EC0-301F-11D3-BF4B-00C04F79EFBC}") = "C4Sharp.UnitTests", "tests\C4Sharp.UnitTests\C4Sharp.UnitTests.csproj", "{4B6E0F06-65DA-43FB-A984-A08DC6B66665}"
EndProject
Project("{FAE04EC0-301F-11D3-BF4B-00C04F79EFBC}") = "C4Sharp.Tools", "src\C4Sharp.Tools\C4Sharp.Tools.csproj", "{AEF17681-C9AB-4C49-8B06-06E5AF8C4237}"
EndProject
Project("{FAE04EC0-301F-11D3-BF4B-00C04F79EFBC}") = "C4Bank.Deposit", "samples\C4Bank\C4Bank.Deposit\C4Bank.Deposit.csproj", "{DF24F4F5-0404-4B8F-9549-69222A1620A7}"
EndProject
Project("{2150E333-8FDC-42A3-9474-1A3956D46DE8}") = "C4Bank", "C4Bank", "{7F4EACE0-1CC1-44B0-A038-3D74E00A9572}"
EndProject
Project("{2150E333-8FDC-42A3-9474-1A3956D46DE8}") = "Basic", "Basic", "{EBA828C5-ACB9-4B6E-9513-BF4F612ECEAA}"
EndProject
Project("{FAE04EC0-301F-11D3-BF4B-00C04F79EFBC}") = "C4Sharp.Sample", "samples\Basic\C4Sharp.Sample\C4Sharp.Sample.csproj", "{CEAA41B3-F197-4663-A845-E4F5DB7DC2E8}"
EndProject
Global
	GlobalSection(SolutionConfigurationPlatforms) = preSolution
		Debug|Any CPU = Debug|Any CPU
		Release|Any CPU = Release|Any CPU
	EndGlobalSection
	GlobalSection(ProjectConfigurationPlatforms) = postSolution
		{B3850A7A-EBB2-4C33-827B-98B88901A638}.Debug|Any CPU.ActiveCfg = Debug|Any CPU
		{B3850A7A-EBB2-4C33-827B-98B88901A638}.Debug|Any CPU.Build.0 = Debug|Any CPU
		{B3850A7A-EBB2-4C33-827B-98B88901A638}.Release|Any CPU.ActiveCfg = Release|Any CPU
		{B3850A7A-EBB2-4C33-827B-98B88901A638}.Release|Any CPU.Build.0 = Release|Any CPU
		{652679C0-4067-4ED5-8D97-48A765E7A965}.Debug|Any CPU.ActiveCfg = Debug|Any CPU
		{652679C0-4067-4ED5-8D97-48A765E7A965}.Debug|Any CPU.Build.0 = Debug|Any CPU
		{652679C0-4067-4ED5-8D97-48A765E7A965}.Release|Any CPU.ActiveCfg = Release|Any CPU
		{652679C0-4067-4ED5-8D97-48A765E7A965}.Release|Any CPU.Build.0 = Release|Any CPU
		{4B6E0F06-65DA-43FB-A984-A08DC6B66665}.Debug|Any CPU.ActiveCfg = Debug|Any CPU
		{4B6E0F06-65DA-43FB-A984-A08DC6B66665}.Debug|Any CPU.Build.0 = Debug|Any CPU
		{4B6E0F06-65DA-43FB-A984-A08DC6B66665}.Release|Any CPU.ActiveCfg = Release|Any CPU
		{4B6E0F06-65DA-43FB-A984-A08DC6B66665}.Release|Any CPU.Build.0 = Release|Any CPU
		{AEF17681-C9AB-4C49-8B06-06E5AF8C4237}.Debug|Any CPU.ActiveCfg = Debug|Any CPU
		{AEF17681-C9AB-4C49-8B06-06E5AF8C4237}.Debug|Any CPU.Build.0 = Debug|Any CPU
		{AEF17681-C9AB-4C49-8B06-06E5AF8C4237}.Release|Any CPU.ActiveCfg = Release|Any CPU
		{AEF17681-C9AB-4C49-8B06-06E5AF8C4237}.Release|Any CPU.Build.0 = Release|Any CPU
		{DF24F4F5-0404-4B8F-9549-69222A1620A7}.Debug|Any CPU.ActiveCfg = Debug|Any CPU
		{DF24F4F5-0404-4B8F-9549-69222A1620A7}.Debug|Any CPU.Build.0 = Debug|Any CPU
		{DF24F4F5-0404-4B8F-9549-69222A1620A7}.Release|Any CPU.ActiveCfg = Release|Any CPU
		{DF24F4F5-0404-4B8F-9549-69222A1620A7}.Release|Any CPU.Build.0 = Release|Any CPU
		{CEAA41B3-F197-4663-A845-E4F5DB7DC2E8}.Debug|Any CPU.ActiveCfg = Debug|Any CPU
		{CEAA41B3-F197-4663-A845-E4F5DB7DC2E8}.Debug|Any CPU.Build.0 = Debug|Any CPU
		{CEAA41B3-F197-4663-A845-E4F5DB7DC2E8}.Release|Any CPU.ActiveCfg = Release|Any CPU
		{CEAA41B3-F197-4663-A845-E4F5DB7DC2E8}.Release|Any CPU.Build.0 = Release|Any CPU
	EndGlobalSection
	GlobalSection(NestedProjects) = preSolution
		{B3850A7A-EBB2-4C33-827B-98B88901A638} = {758DA496-3186-4129-B0FA-5C3205B52763}
		{652679C0-4067-4ED5-8D97-48A765E7A965} = {2EAFABEF-1FBB-4DEB-A620-52CBF42F1736}
		{4B6E0F06-65DA-43FB-A984-A08DC6B66665} = {2EAFABEF-1FBB-4DEB-A620-52CBF42F1736}
		{AEF17681-C9AB-4C49-8B06-06E5AF8C4237} = {758DA496-3186-4129-B0FA-5C3205B52763}
		{7F4EACE0-1CC1-44B0-A038-3D74E00A9572} = {53454ACB-CE39-4F53-AB32-C28C15720537}
		{DF24F4F5-0404-4B8F-9549-69222A1620A7} = {7F4EACE0-1CC1-44B0-A038-3D74E00A9572}
		{EBA828C5-ACB9-4B6E-9513-BF4F612ECEAA} = {53454ACB-CE39-4F53-AB32-C28C15720537}
		{CEAA41B3-F197-4663-A845-E4F5DB7DC2E8} = {EBA828C5-ACB9-4B6E-9513-BF4F612ECEAA}
	EndGlobalSection
EndGlobal
